
Microsoft Visual Studio Solution File, Format Version 12.00
# Visual Studio Version 16
VisualStudioVersion = 16.0.30225.117
MinimumVisualStudioVersion = 10.0.40219.1
Project("{8BC9CEB8-8B4A-11D0-8D11-00A0C91BC942}") = "cdemos", "cdemos\cdemos.vcxproj", "{AB80BC14-9571-4035-9084-A727D50008AC}"
EndProject
Project("{8BC9CEB8-8B4A-11D0-8D11-00A0C91BC942}") = "pats", "pats\pats.vcxproj", "{9E4AE23C-E363-48DA-A8B4-E34F218CBD57}"
EndProject
Project("{8BC9CEB8-8B4A-11D0-8D11-00A0C91BC942}") = "cplusdemos", "cplusdemos\cplusdemos.vcxproj", "{69896FE0-A17B-4A8C-8C6C-0327D32953A1}"
EndProject
Project("{2150E333-8FDC-42A3-9474-1A3956D46DE8}") = "windowsdemos", "windowsdemos", "{3F09E4C9-D8A2-455D-ABA1-1B3137F485BB}"
EndProject
Project("{8BC9CEB8-8B4A-11D0-8D11-00A0C91BC942}") = "windowsdemo1", "windowsdemos\windowsdemo1\windowsdemo1.vcxproj", "{9A1555FD-729B-4297-B451-85776895ED1F}"
EndProject
Global
	GlobalSection(SolutionConfigurationPlatforms) = preSolution
		Debug|x64 = Debug|x64
		Debug|x86 = Debug|x86
		Release|x64 = Release|x64
		Release|x86 = Release|x86
	EndGlobalSection
	GlobalSection(ProjectConfigurationPlatforms) = postSolution
		{AB80BC14-9571-4035-9084-A727D50008AC}.Debug|x64.ActiveCfg = Debug|x64
		{AB80BC14-9571-4035-9084-A727D50008AC}.Debug|x64.Build.0 = Debug|x64
		{AB80BC14-9571-4035-9084-A727D50008AC}.Debug|x86.ActiveCfg = Debug|Win32
		{AB80BC14-9571-4035-9084-A727D50008AC}.Debug|x86.Build.0 = Debug|Win32
		{AB80BC14-9571-4035-9084-A727D50008AC}.Release|x64.ActiveCfg = Release|x64
		{AB80BC14-9571-4035-9084-A727D50008AC}.Release|x64.Build.0 = Release|x64
		{AB80BC14-9571-4035-9084-A727D50008AC}.Release|x86.ActiveCfg = Release|Win32
		{AB80BC14-9571-4035-9084-A727D50008AC}.Release|x86.Build.0 = Release|Win32
		{9E4AE23C-E363-48DA-A8B4-E34F218CBD57}.Debug|x64.ActiveCfg = Debug|x64
		{9E4AE23C-E363-48DA-A8B4-E34F218CBD57}.Debug|x64.Build.0 = Debug|x64
		{9E4AE23C-E363-48DA-A8B4-E34F218CBD57}.Debug|x86.ActiveCfg = Debug|Win32
		{9E4AE23C-E363-48DA-A8B4-E34F218CBD57}.Debug|x86.Build.0 = Debug|Win32
		{9E4AE23C-E363-48DA-A8B4-E34F218CBD57}.Release|x64.ActiveCfg = Release|x64
		{9E4AE23C-E363-48DA-A8B4-E34F218CBD57}.Release|x64.Build.0 = Release|x64
		{9E4AE23C-E363-48DA-A8B4-E34F218CBD57}.Release|x86.ActiveCfg = Release|Win32
		{9E4AE23C-E363-48DA-A8B4-E34F218CBD57}.Release|x86.Build.0 = Release|Win32
		{69896FE0-A17B-4A8C-8C6C-0327D32953A1}.Debug|x64.ActiveCfg = Debug|x64
		{69896FE0-A17B-4A8C-8C6C-0327D32953A1}.Debug|x64.Build.0 = Debug|x64
		{69896FE0-A17B-4A8C-8C6C-0327D32953A1}.Debug|x86.ActiveCfg = Debug|Win32
		{69896FE0-A17B-4A8C-8C6C-0327D32953A1}.Debug|x86.Build.0 = Debug|Win32
		{69896FE0-A17B-4A8C-8C6C-0327D32953A1}.Release|x64.ActiveCfg = Release|x64
		{69896FE0-A17B-4A8C-8C6C-0327D32953A1}.Release|x64.Build.0 = Release|x64
		{69896FE0-A17B-4A8C-8C6C-0327D32953A1}.Release|x86.ActiveCfg = Release|Win32
		{69896FE0-A17B-4A8C-8C6C-0327D32953A1}.Release|x86.Build.0 = Release|Win32
		{9A1555FD-729B-4297-B451-85776895ED1F}.Debug|x64.ActiveCfg = Debug|x64
		{9A1555FD-729B-4297-B451-85776895ED1F}.Debug|x64.Build.0 = Debug|x64
		{9A1555FD-729B-4297-B451-85776895ED1F}.Debug|x86.ActiveCfg = Debug|Win32
		{9A1555FD-729B-4297-B451-85776895ED1F}.Debug|x86.Build.0 = Debug|Win32
		{9A1555FD-729B-4297-B451-85776895ED1F}.Release|x64.ActiveCfg = Release|x64
		{9A1555FD-729B-4297-B451-85776895ED1F}.Release|x64.Build.0 = Release|x64
		{9A1555FD-729B-4297-B451-85776895ED1F}.Release|x86.ActiveCfg = Release|Win32
		{9A1555FD-729B-4297-B451-85776895ED1F}.Release|x86.Build.0 = Release|Win32
	EndGlobalSection
	GlobalSection(SolutionProperties) = preSolution
		HideSolutionNode = FALSE
	EndGlobalSection
	GlobalSection(NestedProjects) = preSolution
		{9A1555FD-729B-4297-B451-85776895ED1F} = {3F09E4C9-D8A2-455D-ABA1-1B3137F485BB}
	EndGlobalSection
	GlobalSection(ExtensibilityGlobals) = postSolution
		SolutionGuid = {82BC216C-4EAB-456D-8D09-B2D64AAFCB2D}
	EndGlobalSection
EndGlobal
